// !$*UTF8*$!
{
	archiveVersion = 1;
	classes = {
	};
	objectVersion = 56;
	objects = {

/* Begin PBXBuildFile section */
		3ECBCE322AF13CE000D509DB /* AppDelegate.swift in Sources */ = {isa = PBXBuildFile; fileRef = 3ECBCE312AF13CE000D509DB /* AppDelegate.swift */; };
		3ECBCE342AF13CE000D509DB /* SceneDelegate.swift in Sources */ = {isa = PBXBuildFile; fileRef = 3ECBCE332AF13CE000D509DB /* SceneDelegate.swift */; };
		3ECBCE362AF13CE000D509DB /* HomeController.swift in Sources */ = {isa = PBXBuildFile; fileRef = 3ECBCE352AF13CE000D509DB /* HomeController.swift */; };
		3ECBCE392AF13CE000D509DB /* Main.storyboard in Resources */ = {isa = PBXBuildFile; fileRef = 3ECBCE372AF13CE000D509DB /* Main.storyboard */; };
		3ECBCE3C2AF13CE000D509DB /* Citation_cards.xcdatamodeld in Sources */ = {isa = PBXBuildFile; fileRef = 3ECBCE3A2AF13CE000D509DB /* Citation_cards.xcdatamodeld */; };
		3ECBCE3E2AF13CE100D509DB /* Assets.xcassets in Resources */ = {isa = PBXBuildFile; fileRef = 3ECBCE3D2AF13CE100D509DB /* Assets.xcassets */; };
		3ECBCE412AF13CE100D509DB /* LaunchScreen.storyboard in Resources */ = {isa = PBXBuildFile; fileRef = 3ECBCE3F2AF13CE100D509DB /* LaunchScreen.storyboard */; };
		3ECBCE4B2AF2A10600D509DB /* FavouritesController.swift in Sources */ = {isa = PBXBuildFile; fileRef = 3ECBCE4A2AF2A10600D509DB /* FavouritesController.swift */; };
		3ECBCE4D2AF2A11D00D509DB /* SettingsController.swift in Sources */ = {isa = PBXBuildFile; fileRef = 3ECBCE4C2AF2A11D00D509DB /* SettingsController.swift */; };
		3ECBCE532AF2A70400D509DB /* Tag+CoreDataClass.swift in Sources */ = {isa = PBXBuildFile; fileRef = 3ECBCE4F2AF2A70400D509DB /* Tag+CoreDataClass.swift */; };
		3ECBCE542AF2A70400D509DB /* Tag+CoreDataProperties.swift in Sources */ = {isa = PBXBuildFile; fileRef = 3ECBCE502AF2A70400D509DB /* Tag+CoreDataProperties.swift */; };
		3ECBCE552AF2A70400D509DB /* Citation+CoreDataClass.swift in Sources */ = {isa = PBXBuildFile; fileRef = 3ECBCE512AF2A70400D509DB /* Citation+CoreDataClass.swift */; };
		3ECBCE562AF2A70400D509DB /* Citation+CoreDataProperties.swift in Sources */ = {isa = PBXBuildFile; fileRef = 3ECBCE522AF2A70400D509DB /* Citation+CoreDataProperties.swift */; };
		3ECBCE5B2AF2A83F00D509DB /* CitationCell.xib in Resources */ = {isa = PBXBuildFile; fileRef = 3ECBCE5A2AF2A83F00D509DB /* CitationCell.xib */; };
		3ECBCE5D2AF2AA6D00D509DB /* CitationCell.swift in Sources */ = {isa = PBXBuildFile; fileRef = 3ECBCE5C2AF2AA6D00D509DB /* CitationCell.swift */; };
		3ECBCE612AF2B66C00D509DB /* Storage.swift in Sources */ = {isa = PBXBuildFile; fileRef = 3ECBCE602AF2B66C00D509DB /* Storage.swift */; };
		3ECBCED32AF3B43700D509DB /* Citation_cardsTests.swift in Sources */ = {isa = PBXBuildFile; fileRef = 3ECBCED22AF3B43700D509DB /* Citation_cardsTests.swift */; };
		3ECBCEE02AF3B4AE00D509DB /* Citation_cardsUITests.swift in Sources */ = {isa = PBXBuildFile; fileRef = 3ECBCEDF2AF3B4AE00D509DB /* Citation_cardsUITests.swift */; };
		3ECBCEE22AF3B4AE00D509DB /* Citation_cardsUITestsLaunchTests.swift in Sources */ = {isa = PBXBuildFile; fileRef = 3ECBCEE12AF3B4AE00D509DB /* Citation_cardsUITestsLaunchTests.swift */; };
		3ECBCEFD2AF401E800D509DB /* EditController.swift in Sources */ = {isa = PBXBuildFile; fileRef = 3ECBCEFC2AF401E800D509DB /* EditController.swift */; };
/* End PBXBuildFile section */

/* Begin PBXContainerItemProxy section */
		3ECBCED42AF3B43700D509DB /* PBXContainerItemProxy */ = {
			isa = PBXContainerItemProxy;
			containerPortal = 3ECBCE262AF13CE000D509DB /* Project object */;
			proxyType = 1;
			remoteGlobalIDString = 3ECBCE2D2AF13CE000D509DB;
			remoteInfo = "Citation cards";
		};
		3ECBCEE32AF3B4AE00D509DB /* PBXContainerItemProxy */ = {
			isa = PBXContainerItemProxy;
			containerPortal = 3ECBCE262AF13CE000D509DB /* Project object */;
			proxyType = 1;
			remoteGlobalIDString = 3ECBCE2D2AF13CE000D509DB;
			remoteInfo = "Citation cards";
		};
/* End PBXContainerItemProxy section */

/* Begin PBXFileReference section */
		3ECBCE2E2AF13CE000D509DB /* Citation cards.app */ = {isa = PBXFileReference; explicitFileType = wrapper.application; includeInIndex = 0; path = "Citation cards.app"; sourceTree = BUILT_PRODUCTS_DIR; };
		3ECBCE312AF13CE000D509DB /* AppDelegate.swift */ = {isa = PBXFileReference; lastKnownFileType = sourcecode.swift; path = AppDelegate.swift; sourceTree = "<group>"; };
		3ECBCE332AF13CE000D509DB /* SceneDelegate.swift */ = {isa = PBXFileReference; lastKnownFileType = sourcecode.swift; path = SceneDelegate.swift; sourceTree = "<group>"; };
		3ECBCE352AF13CE000D509DB /* HomeController.swift */ = {isa = PBXFileReference; lastKnownFileType = sourcecode.swift; path = HomeController.swift; sourceTree = "<group>"; };
		3ECBCE382AF13CE000D509DB /* Base */ = {isa = PBXFileReference; lastKnownFileType = file.storyboard; name = Base; path = Base.lproj/Main.storyboard; sourceTree = "<group>"; };
		3ECBCE3B2AF13CE000D509DB /* Citation_cards.xcdatamodel */ = {isa = PBXFileReference; lastKnownFileType = wrapper.xcdatamodel; path = Citation_cards.xcdatamodel; sourceTree = "<group>"; };
		3ECBCE3D2AF13CE100D509DB /* Assets.xcassets */ = {isa = PBXFileReference; lastKnownFileType = folder.assetcatalog; path = Assets.xcassets; sourceTree = "<group>"; };
		3ECBCE402AF13CE100D509DB /* Base */ = {isa = PBXFileReference; lastKnownFileType = file.storyboard; name = Base; path = Base.lproj/LaunchScreen.storyboard; sourceTree = "<group>"; };
		3ECBCE422AF13CE100D509DB /* Info.plist */ = {isa = PBXFileReference; lastKnownFileType = text.plist.xml; path = Info.plist; sourceTree = "<group>"; };
		3ECBCE482AF13ED200D509DB /* README.md */ = {isa = PBXFileReference; lastKnownFileType = net.daringfireball.markdown; path = README.md; sourceTree = "<group>"; };
		3ECBCE4A2AF2A10600D509DB /* FavouritesController.swift */ = {isa = PBXFileReference; lastKnownFileType = sourcecode.swift; path = FavouritesController.swift; sourceTree = "<group>"; };
		3ECBCE4C2AF2A11D00D509DB /* SettingsController.swift */ = {isa = PBXFileReference; lastKnownFileType = sourcecode.swift; path = SettingsController.swift; sourceTree = "<group>"; };
		3ECBCE4F2AF2A70400D509DB /* Tag+CoreDataClass.swift */ = {isa = PBXFileReference; lastKnownFileType = sourcecode.swift; path = "Tag+CoreDataClass.swift"; sourceTree = "<group>"; };
		3ECBCE502AF2A70400D509DB /* Tag+CoreDataProperties.swift */ = {isa = PBXFileReference; lastKnownFileType = sourcecode.swift; path = "Tag+CoreDataProperties.swift"; sourceTree = "<group>"; };
		3ECBCE512AF2A70400D509DB /* Citation+CoreDataClass.swift */ = {isa = PBXFileReference; lastKnownFileType = sourcecode.swift; path = "Citation+CoreDataClass.swift"; sourceTree = "<group>"; };
		3ECBCE522AF2A70400D509DB /* Citation+CoreDataProperties.swift */ = {isa = PBXFileReference; lastKnownFileType = sourcecode.swift; path = "Citation+CoreDataProperties.swift"; sourceTree = "<group>"; };
		3ECBCE5A2AF2A83F00D509DB /* CitationCell.xib */ = {isa = PBXFileReference; lastKnownFileType = file.xib; path = CitationCell.xib; sourceTree = "<group>"; };
		3ECBCE5C2AF2AA6D00D509DB /* CitationCell.swift */ = {isa = PBXFileReference; lastKnownFileType = sourcecode.swift; path = CitationCell.swift; sourceTree = "<group>"; };
		3ECBCE602AF2B66C00D509DB /* Storage.swift */ = {isa = PBXFileReference; lastKnownFileType = sourcecode.swift; path = Storage.swift; sourceTree = "<group>"; };
		3ECBCED02AF3B43600D509DB /* Citation cardsTests.xctest */ = {isa = PBXFileReference; explicitFileType = wrapper.cfbundle; includeInIndex = 0; path = "Citation cardsTests.xctest"; sourceTree = BUILT_PRODUCTS_DIR; };
		3ECBCED22AF3B43700D509DB /* Citation_cardsTests.swift */ = {isa = PBXFileReference; lastKnownFileType = sourcecode.swift; path = Citation_cardsTests.swift; sourceTree = "<group>"; };
		3ECBCEDD2AF3B4AD00D509DB /* Citation cardsUITests.xctest */ = {isa = PBXFileReference; explicitFileType = wrapper.cfbundle; includeInIndex = 0; path = "Citation cardsUITests.xctest"; sourceTree = BUILT_PRODUCTS_DIR; };
		3ECBCEDF2AF3B4AE00D509DB /* Citation_cardsUITests.swift */ = {isa = PBXFileReference; lastKnownFileType = sourcecode.swift; path = Citation_cardsUITests.swift; sourceTree = "<group>"; };
		3ECBCEE12AF3B4AE00D509DB /* Citation_cardsUITestsLaunchTests.swift */ = {isa = PBXFileReference; lastKnownFileType = sourcecode.swift; path = Citation_cardsUITestsLaunchTests.swift; sourceTree = "<group>"; };
		3ECBCEFC2AF401E800D509DB /* EditController.swift */ = {isa = PBXFileReference; lastKnownFileType = sourcecode.swift; path = EditController.swift; sourceTree = "<group>"; };
/* End PBXFileReference section */

/* Begin PBXFrameworksBuildPhase section */
		3ECBCE2B2AF13CE000D509DB /* Frameworks */ = {
			isa = PBXFrameworksBuildPhase;
			buildActionMask = 2147483647;
			files = (
			);
			runOnlyForDeploymentPostprocessing = 0;
		};
		3ECBCECD2AF3B43600D509DB /* Frameworks */ = {
			isa = PBXFrameworksBuildPhase;
			buildActionMask = 2147483647;
			files = (
			);
			runOnlyForDeploymentPostprocessing = 0;
		};
		3ECBCEDA2AF3B4AD00D509DB /* Frameworks */ = {
			isa = PBXFrameworksBuildPhase;
			buildActionMask = 2147483647;
			files = (
			);
			runOnlyForDeploymentPostprocessing = 0;
		};
/* End PBXFrameworksBuildPhase section */

/* Begin PBXGroup section */
		3ECBCE252AF13CE000D509DB = {
			isa = PBXGroup;
			children = (
				3ECBCE482AF13ED200D509DB /* README.md */,
				3ECBCE302AF13CE000D509DB /* Citation cards */,
				3ECBCED12AF3B43700D509DB /* Citation cardsTests */,
				3ECBCEDE2AF3B4AE00D509DB /* Citation cardsUITests */,
				3ECBCE2F2AF13CE000D509DB /* Products */,
			);
			sourceTree = "<group>";
		};
		3ECBCE2F2AF13CE000D509DB /* Products */ = {
			isa = PBXGroup;
			children = (
				3ECBCE2E2AF13CE000D509DB /* Citation cards.app */,
				3ECBCED02AF3B43600D509DB /* Citation cardsTests.xctest */,
				3ECBCEDD2AF3B4AD00D509DB /* Citation cardsUITests.xctest */,
			);
			name = Products;
			sourceTree = "<group>";
		};
		3ECBCE302AF13CE000D509DB /* Citation cards */ = {
			isa = PBXGroup;
			children = (
				3ECBCE572AF2A7B000D509DB /* Views */,
				3ECBCE4E2AF2A6D500D509DB /* Model */,
				3ECBCE492AF23E1E00D509DB /* Controllers */,
				3ECBCE312AF13CE000D509DB /* AppDelegate.swift */,
				3ECBCE332AF13CE000D509DB /* SceneDelegate.swift */,
				3ECBCE372AF13CE000D509DB /* Main.storyboard */,
				3ECBCE3D2AF13CE100D509DB /* Assets.xcassets */,
				3ECBCE3F2AF13CE100D509DB /* LaunchScreen.storyboard */,
				3ECBCE422AF13CE100D509DB /* Info.plist */,
				3ECBCE3A2AF13CE000D509DB /* Citation_cards.xcdatamodeld */,
			);
			path = "Citation cards";
			sourceTree = "<group>";
		};
		3ECBCE492AF23E1E00D509DB /* Controllers */ = {
			isa = PBXGroup;
			children = (
				3ECBCE352AF13CE000D509DB /* HomeController.swift */,
				3ECBCE4A2AF2A10600D509DB /* FavouritesController.swift */,
				3ECBCE4C2AF2A11D00D509DB /* SettingsController.swift */,
				3ECBCEFC2AF401E800D509DB /* EditController.swift */,
			);
			path = Controllers;
			sourceTree = "<group>";
		};
		3ECBCE4E2AF2A6D500D509DB /* Model */ = {
			isa = PBXGroup;
			children = (
				3ECBCE4F2AF2A70400D509DB /* Tag+CoreDataClass.swift */,
				3ECBCE502AF2A70400D509DB /* Tag+CoreDataProperties.swift */,
				3ECBCE512AF2A70400D509DB /* Citation+CoreDataClass.swift */,
				3ECBCE522AF2A70400D509DB /* Citation+CoreDataProperties.swift */,
				3ECBCE602AF2B66C00D509DB /* Storage.swift */,
			);
			path = Model;
			sourceTree = "<group>";
		};
		3ECBCE572AF2A7B000D509DB /* Views */ = {
			isa = PBXGroup;
			children = (
				3ECBCE5A2AF2A83F00D509DB /* CitationCell.xib */,
				3ECBCE5C2AF2AA6D00D509DB /* CitationCell.swift */,
			);
			path = Views;
			sourceTree = "<group>";
		};
		3ECBCED12AF3B43700D509DB /* Citation cardsTests */ = {
			isa = PBXGroup;
			children = (
				3ECBCED22AF3B43700D509DB /* Citation_cardsTests.swift */,
			);
			path = "Citation cardsTests";
			sourceTree = "<group>";
		};
		3ECBCEDE2AF3B4AE00D509DB /* Citation cardsUITests */ = {
			isa = PBXGroup;
			children = (
				3ECBCEDF2AF3B4AE00D509DB /* Citation_cardsUITests.swift */,
				3ECBCEE12AF3B4AE00D509DB /* Citation_cardsUITestsLaunchTests.swift */,
			);
			path = "Citation cardsUITests";
			sourceTree = "<group>";
		};
/* End PBXGroup section */

/* Begin PBXNativeTarget section */
		3ECBCE2D2AF13CE000D509DB /* Citation cards */ = {
			isa = PBXNativeTarget;
			buildConfigurationList = 3ECBCE452AF13CE100D509DB /* Build configuration list for PBXNativeTarget "Citation cards" */;
			buildPhases = (
				3ECBCE2A2AF13CE000D509DB /* Sources */,
				3ECBCE2B2AF13CE000D509DB /* Frameworks */,
				3ECBCE2C2AF13CE000D509DB /* Resources */,
			);
			buildRules = (
			);
			dependencies = (
			);
			name = "Citation cards";
			productName = "Citation cards";
			productReference = 3ECBCE2E2AF13CE000D509DB /* Citation cards.app */;
			productType = "com.apple.product-type.application";
		};
		3ECBCECF2AF3B43600D509DB /* Citation cardsTests */ = {
			isa = PBXNativeTarget;
			buildConfigurationList = 3ECBCED62AF3B43700D509DB /* Build configuration list for PBXNativeTarget "Citation cardsTests" */;
			buildPhases = (
				3ECBCECC2AF3B43600D509DB /* Sources */,
				3ECBCECD2AF3B43600D509DB /* Frameworks */,
				3ECBCECE2AF3B43600D509DB /* Resources */,
			);
			buildRules = (
			);
			dependencies = (
				3ECBCED52AF3B43700D509DB /* PBXTargetDependency */,
			);
			name = "Citation cardsTests";
			productName = "Citation cardsTests";
			productReference = 3ECBCED02AF3B43600D509DB /* Citation cardsTests.xctest */;
			productType = "com.apple.product-type.bundle.unit-test";
		};
		3ECBCEDC2AF3B4AD00D509DB /* Citation cardsUITests */ = {
			isa = PBXNativeTarget;
			buildConfigurationList = 3ECBCEE52AF3B4AE00D509DB /* Build configuration list for PBXNativeTarget "Citation cardsUITests" */;
			buildPhases = (
				3ECBCED92AF3B4AD00D509DB /* Sources */,
				3ECBCEDA2AF3B4AD00D509DB /* Frameworks */,
				3ECBCEDB2AF3B4AD00D509DB /* Resources */,
			);
			buildRules = (
			);
			dependencies = (
				3ECBCEE42AF3B4AE00D509DB /* PBXTargetDependency */,
			);
			name = "Citation cardsUITests";
			productName = "Citation cardsUITests";
			productReference = 3ECBCEDD2AF3B4AD00D509DB /* Citation cardsUITests.xctest */;
			productType = "com.apple.product-type.bundle.ui-testing";
		};
/* End PBXNativeTarget section */

/* Begin PBXProject section */
		3ECBCE262AF13CE000D509DB /* Project object */ = {
			isa = PBXProject;
			attributes = {
				BuildIndependentTargetsInParallel = 1;
				LastSwiftUpdateCheck = 1500;
				LastUpgradeCheck = 1500;
				TargetAttributes = {
					3ECBCE2D2AF13CE000D509DB = {
						CreatedOnToolsVersion = 15.0.1;
					};
					3ECBCECF2AF3B43600D509DB = {
						CreatedOnToolsVersion = 15.0.1;
						TestTargetID = 3ECBCE2D2AF13CE000D509DB;
					};
					3ECBCEDC2AF3B4AD00D509DB = {
						CreatedOnToolsVersion = 15.0.1;
						TestTargetID = 3ECBCE2D2AF13CE000D509DB;
					};
				};
			};
			buildConfigurationList = 3ECBCE292AF13CE000D509DB /* Build configuration list for PBXProject "Citation cards" */;
			compatibilityVersion = "Xcode 14.0";
			developmentRegion = en;
			hasScannedForEncodings = 0;
			knownRegions = (
				en,
				Base,
			);
			mainGroup = 3ECBCE252AF13CE000D509DB;
			productRefGroup = 3ECBCE2F2AF13CE000D509DB /* Products */;
			projectDirPath = "";
			projectRoot = "";
			targets = (
				3ECBCE2D2AF13CE000D509DB /* Citation cards */,
				3ECBCECF2AF3B43600D509DB /* Citation cardsTests */,
				3ECBCEDC2AF3B4AD00D509DB /* Citation cardsUITests */,
			);
		};
/* End PBXProject section */

/* Begin PBXResourcesBuildPhase section */
		3ECBCE2C2AF13CE000D509DB /* Resources */ = {
			isa = PBXResourcesBuildPhase;
			buildActionMask = 2147483647;
			files = (
				3ECBCE5B2AF2A83F00D509DB /* CitationCell.xib in Resources */,
				3ECBCE412AF13CE100D509DB /* LaunchScreen.storyboard in Resources */,
				3ECBCE3E2AF13CE100D509DB /* Assets.xcassets in Resources */,
				3ECBCE392AF13CE000D509DB /* Main.storyboard in Resources */,
			);
			runOnlyForDeploymentPostprocessing = 0;
		};
		3ECBCECE2AF3B43600D509DB /* Resources */ = {
			isa = PBXResourcesBuildPhase;
			buildActionMask = 2147483647;
			files = (
			);
			runOnlyForDeploymentPostprocessing = 0;
		};
		3ECBCEDB2AF3B4AD00D509DB /* Resources */ = {
			isa = PBXResourcesBuildPhase;
			buildActionMask = 2147483647;
			files = (
			);
			runOnlyForDeploymentPostprocessing = 0;
		};
/* End PBXResourcesBuildPhase section */

/* Begin PBXSourcesBuildPhase section */
		3ECBCE2A2AF13CE000D509DB /* Sources */ = {
			isa = PBXSourcesBuildPhase;
			buildActionMask = 2147483647;
			files = (
				3ECBCE4D2AF2A11D00D509DB /* SettingsController.swift in Sources */,
				3ECBCE4B2AF2A10600D509DB /* FavouritesController.swift in Sources */,
				3ECBCE362AF13CE000D509DB /* HomeController.swift in Sources */,
				3ECBCEFD2AF401E800D509DB /* EditController.swift in Sources */,
				3ECBCE322AF13CE000D509DB /* AppDelegate.swift in Sources */,
				3ECBCE552AF2A70400D509DB /* Citation+CoreDataClass.swift in Sources */,
				3ECBCE612AF2B66C00D509DB /* Storage.swift in Sources */,
				3ECBCE3C2AF13CE000D509DB /* Citation_cards.xcdatamodeld in Sources */,
				3ECBCE562AF2A70400D509DB /* Citation+CoreDataProperties.swift in Sources */,
				3ECBCE342AF13CE000D509DB /* SceneDelegate.swift in Sources */,
				3ECBCE5D2AF2AA6D00D509DB /* CitationCell.swift in Sources */,
				3ECBCE542AF2A70400D509DB /* Tag+CoreDataProperties.swift in Sources */,
				3ECBCE532AF2A70400D509DB /* Tag+CoreDataClass.swift in Sources */,
			);
			runOnlyForDeploymentPostprocessing = 0;
		};
		3ECBCECC2AF3B43600D509DB /* Sources */ = {
			isa = PBXSourcesBuildPhase;
			buildActionMask = 2147483647;
			files = (
				3ECBCED32AF3B43700D509DB /* Citation_cardsTests.swift in Sources */,
			);
			runOnlyForDeploymentPostprocessing = 0;
		};
		3ECBCED92AF3B4AD00D509DB /* Sources */ = {
			isa = PBXSourcesBuildPhase;
			buildActionMask = 2147483647;
			files = (
				3ECBCEE02AF3B4AE00D509DB /* Citation_cardsUITests.swift in Sources */,
				3ECBCEE22AF3B4AE00D509DB /* Citation_cardsUITestsLaunchTests.swift in Sources */,
			);
			runOnlyForDeploymentPostprocessing = 0;
		};
/* End PBXSourcesBuildPhase section */

/* Begin PBXTargetDependency section */
		3ECBCED52AF3B43700D509DB /* PBXTargetDependency */ = {
			isa = PBXTargetDependency;
			target = 3ECBCE2D2AF13CE000D509DB /* Citation cards */;
			targetProxy = 3ECBCED42AF3B43700D509DB /* PBXContainerItemProxy */;
		};
		3ECBCEE42AF3B4AE00D509DB /* PBXTargetDependency */ = {
			isa = PBXTargetDependency;
			target = 3ECBCE2D2AF13CE000D509DB /* Citation cards */;
			targetProxy = 3ECBCEE32AF3B4AE00D509DB /* PBXContainerItemProxy */;
		};
/* End PBXTargetDependency section */

/* Begin PBXVariantGroup section */
		3ECBCE372AF13CE000D509DB /* Main.storyboard */ = {
			isa = PBXVariantGroup;
			children = (
				3ECBCE382AF13CE000D509DB /* Base */,
			);
			name = Main.storyboard;
			sourceTree = "<group>";
		};
		3ECBCE3F2AF13CE100D509DB /* LaunchScreen.storyboard */ = {
			isa = PBXVariantGroup;
			children = (
				3ECBCE402AF13CE100D509DB /* Base */,
			);
			name = LaunchScreen.storyboard;
			sourceTree = "<group>";
		};
/* End PBXVariantGroup section */

/* Begin XCBuildConfiguration section */
		3ECBCE432AF13CE100D509DB /* Debug */ = {
			isa = XCBuildConfiguration;
			buildSettings = {
				ALWAYS_SEARCH_USER_PATHS = NO;
				ASSETCATALOG_COMPILER_GENERATE_SWIFT_ASSET_SYMBOL_EXTENSIONS = YES;
				CLANG_ANALYZER_NONNULL = YES;
				CLANG_ANALYZER_NUMBER_OBJECT_CONVERSION = YES_AGGRESSIVE;
				CLANG_CXX_LANGUAGE_STANDARD = "gnu++20";
				CLANG_ENABLE_MODULES = YES;
				CLANG_ENABLE_OBJC_ARC = YES;
				CLANG_ENABLE_OBJC_WEAK = YES;
				CLANG_WARN_BLOCK_CAPTURE_AUTORELEASING = YES;
				CLANG_WARN_BOOL_CONVERSION = YES;
				CLANG_WARN_COMMA = YES;
				CLANG_WARN_CONSTANT_CONVERSION = YES;
				CLANG_WARN_DEPRECATED_OBJC_IMPLEMENTATIONS = YES;
				CLANG_WARN_DIRECT_OBJC_ISA_USAGE = YES_ERROR;
				CLANG_WARN_DOCUMENTATION_COMMENTS = YES;
				CLANG_WARN_EMPTY_BODY = YES;
				CLANG_WARN_ENUM_CONVERSION = YES;
				CLANG_WARN_INFINITE_RECURSION = YES;
				CLANG_WARN_INT_CONVERSION = YES;
				CLANG_WARN_NON_LITERAL_NULL_CONVERSION = YES;
				CLANG_WARN_OBJC_IMPLICIT_RETAIN_SELF = YES;
				CLANG_WARN_OBJC_LITERAL_CONVERSION = YES;
				CLANG_WARN_OBJC_ROOT_CLASS = YES_ERROR;
				CLANG_WARN_QUOTED_INCLUDE_IN_FRAMEWORK_HEADER = YES;
				CLANG_WARN_RANGE_LOOP_ANALYSIS = YES;
				CLANG_WARN_STRICT_PROTOTYPES = YES;
				CLANG_WARN_SUSPICIOUS_MOVE = YES;
				CLANG_WARN_UNGUARDED_AVAILABILITY = YES_AGGRESSIVE;
				CLANG_WARN_UNREACHABLE_CODE = YES;
				CLANG_WARN__DUPLICATE_METHOD_MATCH = YES;
				COPY_PHASE_STRIP = NO;
				DEBUG_INFORMATION_FORMAT = dwarf;
				ENABLE_STRICT_OBJC_MSGSEND = YES;
				ENABLE_TESTABILITY = YES;
				ENABLE_USER_SCRIPT_SANDBOXING = YES;
				GCC_C_LANGUAGE_STANDARD = gnu17;
				GCC_DYNAMIC_NO_PIC = NO;
				GCC_NO_COMMON_BLOCKS = YES;
				GCC_OPTIMIZATION_LEVEL = 0;
				GCC_PREPROCESSOR_DEFINITIONS = (
					"DEBUG=1",
					"$(inherited)",
				);
				GCC_WARN_64_TO_32_BIT_CONVERSION = YES;
				GCC_WARN_ABOUT_RETURN_TYPE = YES_ERROR;
				GCC_WARN_UNDECLARED_SELECTOR = YES;
				GCC_WARN_UNINITIALIZED_AUTOS = YES_AGGRESSIVE;
				GCC_WARN_UNUSED_FUNCTION = YES;
				GCC_WARN_UNUSED_VARIABLE = YES;
				IPHONEOS_DEPLOYMENT_TARGET = 17.0;
				LOCALIZATION_PREFERS_STRING_CATALOGS = YES;
				MTL_ENABLE_DEBUG_INFO = INCLUDE_SOURCE;
				MTL_FAST_MATH = YES;
				ONLY_ACTIVE_ARCH = YES;
				SDKROOT = iphoneos;
				SWIFT_ACTIVE_COMPILATION_CONDITIONS = "DEBUG $(inherited)";
				SWIFT_OPTIMIZATION_LEVEL = "-Onone";
			};
			name = Debug;
		};
		3ECBCE442AF13CE100D509DB /* Release */ = {
			isa = XCBuildConfiguration;
			buildSettings = {
				ALWAYS_SEARCH_USER_PATHS = NO;
				ASSETCATALOG_COMPILER_GENERATE_SWIFT_ASSET_SYMBOL_EXTENSIONS = YES;
				CLANG_ANALYZER_NONNULL = YES;
				CLANG_ANALYZER_NUMBER_OBJECT_CONVERSION = YES_AGGRESSIVE;
				CLANG_CXX_LANGUAGE_STANDARD = "gnu++20";
				CLANG_ENABLE_MODULES = YES;
				CLANG_ENABLE_OBJC_ARC = YES;
				CLANG_ENABLE_OBJC_WEAK = YES;
				CLANG_WARN_BLOCK_CAPTURE_AUTORELEASING = YES;
				CLANG_WARN_BOOL_CONVERSION = YES;
				CLANG_WARN_COMMA = YES;
				CLANG_WARN_CONSTANT_CONVERSION = YES;
				CLANG_WARN_DEPRECATED_OBJC_IMPLEMENTATIONS = YES;
				CLANG_WARN_DIRECT_OBJC_ISA_USAGE = YES_ERROR;
				CLANG_WARN_DOCUMENTATION_COMMENTS = YES;
				CLANG_WARN_EMPTY_BODY = YES;
				CLANG_WARN_ENUM_CONVERSION = YES;
				CLANG_WARN_INFINITE_RECURSION = YES;
				CLANG_WARN_INT_CONVERSION = YES;
				CLANG_WARN_NON_LITERAL_NULL_CONVERSION = YES;
				CLANG_WARN_OBJC_IMPLICIT_RETAIN_SELF = YES;
				CLANG_WARN_OBJC_LITERAL_CONVERSION = YES;
				CLANG_WARN_OBJC_ROOT_CLASS = YES_ERROR;
				CLANG_WARN_QUOTED_INCLUDE_IN_FRAMEWORK_HEADER = YES;
				CLANG_WARN_RANGE_LOOP_ANALYSIS = YES;
				CLANG_WARN_STRICT_PROTOTYPES = YES;
				CLANG_WARN_SUSPICIOUS_MOVE = YES;
				CLANG_WARN_UNGUARDED_AVAILABILITY = YES_AGGRESSIVE;
				CLANG_WARN_UNREACHABLE_CODE = YES;
				CLANG_WARN__DUPLICATE_METHOD_MATCH = YES;
				COPY_PHASE_STRIP = NO;
				DEBUG_INFORMATION_FORMAT = "dwarf-with-dsym";
				ENABLE_NS_ASSERTIONS = NO;
				ENABLE_STRICT_OBJC_MSGSEND = YES;
				ENABLE_USER_SCRIPT_SANDBOXING = YES;
				GCC_C_LANGUAGE_STANDARD = gnu17;
				GCC_NO_COMMON_BLOCKS = YES;
				GCC_WARN_64_TO_32_BIT_CONVERSION = YES;
				GCC_WARN_ABOUT_RETURN_TYPE = YES_ERROR;
				GCC_WARN_UNDECLARED_SELECTOR = YES;
				GCC_WARN_UNINITIALIZED_AUTOS = YES_AGGRESSIVE;
				GCC_WARN_UNUSED_FUNCTION = YES;
				GCC_WARN_UNUSED_VARIABLE = YES;
				IPHONEOS_DEPLOYMENT_TARGET = 17.0;
				LOCALIZATION_PREFERS_STRING_CATALOGS = YES;
				MTL_ENABLE_DEBUG_INFO = NO;
				MTL_FAST_MATH = YES;
				SDKROOT = iphoneos;
				SWIFT_COMPILATION_MODE = wholemodule;
				VALIDATE_PRODUCT = YES;
			};
			name = Release;
		};
		3ECBCE462AF13CE100D509DB /* Debug */ = {
			isa = XCBuildConfiguration;
			buildSettings = {
				ASSETCATALOG_COMPILER_APPICON_NAME = AppIcon;
				ASSETCATALOG_COMPILER_GLOBAL_ACCENT_COLOR_NAME = AccentColor;
				CODE_SIGN_STYLE = Automatic;
				CURRENT_PROJECT_VERSION = 1;
				DEVELOPMENT_TEAM = 9YBDW6K85R;
				GENERATE_INFOPLIST_FILE = YES;
				INFOPLIST_FILE = "Citation cards/Info.plist";
				INFOPLIST_KEY_UIApplicationSupportsIndirectInputEvents = YES;
				INFOPLIST_KEY_UILaunchStoryboardName = LaunchScreen;
				INFOPLIST_KEY_UIMainStoryboardFile = Main;
				INFOPLIST_KEY_UISupportedInterfaceOrientations = UIInterfaceOrientationPortrait;
				IPHONEOS_DEPLOYMENT_TARGET = 14.0;
				LD_RUNPATH_SEARCH_PATHS = (
					"$(inherited)",
					"@executable_path/Frameworks",
				);
				MARKETING_VERSION = 1.0;
				PRODUCT_BUNDLE_IDENTIFIER = "com.sky-labs.Citation-cards";
				PRODUCT_NAME = "$(TARGET_NAME)";
				SWIFT_EMIT_LOC_STRINGS = YES;
				SWIFT_VERSION = 5.0;
				TARGETED_DEVICE_FAMILY = "1,2";
			};
			name = Debug;
		};
		3ECBCE472AF13CE100D509DB /* Release */ = {
			isa = XCBuildConfiguration;
			buildSettings = {
				ASSETCATALOG_COMPILER_APPICON_NAME = AppIcon;
				ASSETCATALOG_COMPILER_GLOBAL_ACCENT_COLOR_NAME = AccentColor;
				CODE_SIGN_STYLE = Automatic;
				CURRENT_PROJECT_VERSION = 1;
				DEVELOPMENT_TEAM = 9YBDW6K85R;
				GENERATE_INFOPLIST_FILE = YES;
				INFOPLIST_FILE = "Citation cards/Info.plist";
				INFOPLIST_KEY_UIApplicationSupportsIndirectInputEvents = YES;
				INFOPLIST_KEY_UILaunchStoryboardName = LaunchScreen;
				INFOPLIST_KEY_UIMainStoryboardFile = Main;
				INFOPLIST_KEY_UISupportedInterfaceOrientations = UIInterfaceOrientationPortrait;
				IPHONEOS_DEPLOYMENT_TARGET = 14.0;
				LD_RUNPATH_SEARCH_PATHS = (
					"$(inherited)",
					"@executable_path/Frameworks",
				);
				MARKETING_VERSION = 1.0;
				PRODUCT_BUNDLE_IDENTIFIER = "com.sky-labs.Citation-cards";
				PRODUCT_NAME = "$(TARGET_NAME)";
				SWIFT_EMIT_LOC_STRINGS = YES;
				SWIFT_VERSION = 5.0;
				TARGETED_DEVICE_FAMILY = "1,2";
			};
			name = Release;
		};
		3ECBCED72AF3B43700D509DB /* Debug */ = {
			isa = XCBuildConfiguration;
			buildSettings = {
				BUNDLE_LOADER = "$(TEST_HOST)";
				CODE_SIGN_STYLE = Automatic;
				CURRENT_PROJECT_VERSION = 1;
				DEVELOPMENT_TEAM = 9YBDW6K85R;
				GENERATE_INFOPLIST_FILE = YES;
				MARKETING_VERSION = 1.0;
				PRODUCT_BUNDLE_IDENTIFIER = "com.sky-labs.Citation-cardsTests";
				PRODUCT_NAME = "$(TARGET_NAME)";
				SWIFT_EMIT_LOC_STRINGS = NO;
				SWIFT_VERSION = 5.0;
				TARGETED_DEVICE_FAMILY = "1,2";
				TEST_HOST = "$(BUILT_PRODUCTS_DIR)/Citation cards.app/$(BUNDLE_EXECUTABLE_FOLDER_PATH)/Citation cards";
			};
			name = Debug;
		};
		3ECBCED82AF3B43700D509DB /* Release */ = {
			isa = XCBuildConfiguration;
			buildSettings = {
				BUNDLE_LOADER = "$(TEST_HOST)";
				CODE_SIGN_STYLE = Automatic;
				CURRENT_PROJECT_VERSION = 1;
				DEVELOPMENT_TEAM = 9YBDW6K85R;
				GENERATE_INFOPLIST_FILE = YES;
				MARKETING_VERSION = 1.0;
				PRODUCT_BUNDLE_IDENTIFIER = "com.sky-labs.Citation-cardsTests";
				PRODUCT_NAME = "$(TARGET_NAME)";
				SWIFT_EMIT_LOC_STRINGS = NO;
				SWIFT_VERSION = 5.0;
				TARGETED_DEVICE_FAMILY = "1,2";
				TEST_HOST = "$(BUILT_PRODUCTS_DIR)/Citation cards.app/$(BUNDLE_EXECUTABLE_FOLDER_PATH)/Citation cards";
			};
			name = Release;
		};
		3ECBCEE62AF3B4AE00D509DB /* Debug */ = {
			isa = XCBuildConfiguration;
			buildSettings = {
				CODE_SIGN_STYLE = Automatic;
				CURRENT_PROJECT_VERSION = 1;
				DEVELOPMENT_TEAM = 9YBDW6K85R;
				GENERATE_INFOPLIST_FILE = YES;
				MARKETING_VERSION = 1.0;
				PRODUCT_BUNDLE_IDENTIFIER = "com.sky-labs.Citation-cardsUITests";
				PRODUCT_NAME = "$(TARGET_NAME)";
				SWIFT_EMIT_LOC_STRINGS = NO;
				SWIFT_VERSION = 5.0;
				TARGETED_DEVICE_FAMILY = "1,2";
				TEST_TARGET_NAME = "Citation cards";
			};
			name = Debug;
		};
		3ECBCEE72AF3B4AE00D509DB /* Release */ = {
			isa = XCBuildConfiguration;
			buildSettings = {
				CODE_SIGN_STYLE = Automatic;
				CURRENT_PROJECT_VERSION = 1;
				DEVELOPMENT_TEAM = 9YBDW6K85R;
				GENERATE_INFOPLIST_FILE = YES;
				MARKETING_VERSION = 1.0;
				PRODUCT_BUNDLE_IDENTIFIER = "com.sky-labs.Citation-cardsUITests";
				PRODUCT_NAME = "$(TARGET_NAME)";
				SWIFT_EMIT_LOC_STRINGS = NO;
				SWIFT_VERSION = 5.0;
				TARGETED_DEVICE_FAMILY = "1,2";
				TEST_TARGET_NAME = "Citation cards";
			};
			name = Release;
		};
/* End XCBuildConfiguration section */

/* Begin XCConfigurationList section */
		3ECBCE292AF13CE000D509DB /* Build configuration list for PBXProject "Citation cards" */ = {
			isa = XCConfigurationList;
			buildConfigurations = (
				3ECBCE432AF13CE100D509DB /* Debug */,
				3ECBCE442AF13CE100D509DB /* Release */,
			);
			defaultConfigurationIsVisible = 0;
			defaultConfigurationName = Release;
		};
		3ECBCE452AF13CE100D509DB /* Build configuration list for PBXNativeTarget "Citation cards" */ = {
			isa = XCConfigurationList;
			buildConfigurations = (
				3ECBCE462AF13CE100D509DB /* Debug */,
				3ECBCE472AF13CE100D509DB /* Release */,
			);
			defaultConfigurationIsVisible = 0;
			defaultConfigurationName = Release;
		};
		3ECBCED62AF3B43700D509DB /* Build configuration list for PBXNativeTarget "Citation cardsTests" */ = {
			isa = XCConfigurationList;
			buildConfigurations = (
				3ECBCED72AF3B43700D509DB /* Debug */,
				3ECBCED82AF3B43700D509DB /* Release */,
			);
			defaultConfigurationIsVisible = 0;
			defaultConfigurationName = Release;
		};
		3ECBCEE52AF3B4AE00D509DB /* Build configuration list for PBXNativeTarget "Citation cardsUITests" */ = {
			isa = XCConfigurationList;
			buildConfigurations = (
				3ECBCEE62AF3B4AE00D509DB /* Debug */,
				3ECBCEE72AF3B4AE00D509DB /* Release */,
			);
			defaultConfigurationIsVisible = 0;
			defaultConfigurationName = Release;
		};
/* End XCConfigurationList section */

/* Begin XCVersionGroup section */
		3ECBCE3A2AF13CE000D509DB /* Citation_cards.xcdatamodeld */ = {
			isa = XCVersionGroup;
			children = (
				3ECBCE3B2AF13CE000D509DB /* Citation_cards.xcdatamodel */,
			);
			currentVersion = 3ECBCE3B2AF13CE000D509DB /* Citation_cards.xcdatamodel */;
			path = Citation_cards.xcdatamodeld;
			sourceTree = "<group>";
			versionGroupType = wrapper.xcdatamodel;
		};
/* End XCVersionGroup section */
	};
	rootObject = 3ECBCE262AF13CE000D509DB /* Project object */;
}
